
Microsoft Visual Studio Solution File, Format Version 12.00
# Visual Studio Version 17
VisualStudioVersion = 17.11.35327.3
MinimumVisualStudioVersion = 10.0.40219.1
Project("{2150E333-8FDC-42A3-9474-1A3956D46DE8}") = "Api", "Api", "{62E008E6-BFFB-4B29-A38C-33F7C72EABF1}"
EndProject
Project("{2150E333-8FDC-42A3-9474-1A3956D46DE8}") = "UI", "UI", "{546548B4-F477-48F6-837C-C199294C1D7B}"
EndProject
Project("{9A19103F-16F7-4668-BE54-9A1E7A4F7556}") = "TestApi", "src\Api\TestApi\TestApi.csproj", "{DC916884-855E-4254-9B5E-886253A6C8EB}"
EndProject
Project("{9A19103F-16F7-4668-BE54-9A1E7A4F7556}") = "Test.Contracts", "src\Api\Test.Contracts\Test.Contracts.csproj", "{3EA319AF-4E8E-4842-8EE7-F64254CAAC4F}"
EndProject
Project("{9A19103F-16F7-4668-BE54-9A1E7A4F7556}") = "Test.LoggerService", "src\Api\Test.LoggerService\Test.LoggerService.csproj", "{867C1608-11AF-4761-86F1-65601A501460}"
EndProject
Project("{9A19103F-16F7-4668-BE54-9A1E7A4F7556}") = "Test.Entities", "src\Api\Test.Entities\Test.Entities.csproj", "{C60117CA-7E30-424D-BB1C-52080DB1A115}"
EndProject
Project("{9A19103F-16F7-4668-BE54-9A1E7A4F7556}") = "Test.Repository", "src\Api\Test.Repository\Test.Repository.csproj", "{007A0981-F192-4B86-B1F9-35D333A2A1A3}"
EndProject
Project("{9A19103F-16F7-4668-BE54-9A1E7A4F7556}") = "Test.Service.Contracts", "src\Api\Test.Service.Contracts\Test.Service.Contracts.csproj", "{349132D8-097E-45BC-AA87-B7CFFD0D3D68}"
EndProject
Project("{9A19103F-16F7-4668-BE54-9A1E7A4F7556}") = "Test.Service", "src\Api\Test.Service\Test.Service.csproj", "{FDCC45C8-948F-49E8-8CF8-0C3458BFE608}"
EndProject
Project("{9A19103F-16F7-4668-BE54-9A1E7A4F7556}") = "Test.PresentationApi", "src\Api\Test.PresentationApi\Test.PresentationApi.csproj", "{CF49656F-C36C-4FCA-822B-97679077F6C5}"
EndProject
Project("{9A19103F-16F7-4668-BE54-9A1E7A4F7556}") = "Test.Shared", "src\Api\Test.Shared\Test.Shared.csproj", "{D9E8EFC9-2A13-4F90-A48E-123BC3385A70}"
EndProject
Project("{9A19103F-16F7-4668-BE54-9A1E7A4F7556}") = "TestWebUi", "src\Ui\TestWebUi\TestWebUi.csproj", "{5E6A8E05-F56D-4EC4-A075-12B918CE6D81}"
EndProject
Global
	GlobalSection(SolutionConfigurationPlatforms) = preSolution
		Debug|Any CPU = Debug|Any CPU
		Release|Any CPU = Release|Any CPU
	EndGlobalSection
	GlobalSection(ProjectConfigurationPlatforms) = postSolution
		{DC916884-855E-4254-9B5E-886253A6C8EB}.Debug|Any CPU.ActiveCfg = Debug|Any CPU
		{DC916884-855E-4254-9B5E-886253A6C8EB}.Debug|Any CPU.Build.0 = Debug|Any CPU
		{DC916884-855E-4254-9B5E-886253A6C8EB}.Release|Any CPU.ActiveCfg = Release|Any CPU
		{DC916884-855E-4254-9B5E-886253A6C8EB}.Release|Any CPU.Build.0 = Release|Any CPU
		{3EA319AF-4E8E-4842-8EE7-F64254CAAC4F}.Debug|Any CPU.ActiveCfg = Debug|Any CPU
		{3EA319AF-4E8E-4842-8EE7-F64254CAAC4F}.Debug|Any CPU.Build.0 = Debug|Any CPU
		{3EA319AF-4E8E-4842-8EE7-F64254CAAC4F}.Release|Any CPU.ActiveCfg = Release|Any CPU
		{3EA319AF-4E8E-4842-8EE7-F64254CAAC4F}.Release|Any CPU.Build.0 = Release|Any CPU
		{867C1608-11AF-4761-86F1-65601A501460}.Debug|Any CPU.ActiveCfg = Debug|Any CPU
		{867C1608-11AF-4761-86F1-65601A501460}.Debug|Any CPU.Build.0 = Debug|Any CPU
		{867C1608-11AF-4761-86F1-65601A501460}.Release|Any CPU.ActiveCfg = Release|Any CPU
		{867C1608-11AF-4761-86F1-65601A501460}.Release|Any CPU.Build.0 = Release|Any CPU
		{C60117CA-7E30-424D-BB1C-52080DB1A115}.Debug|Any CPU.ActiveCfg = Debug|Any CPU
		{C60117CA-7E30-424D-BB1C-52080DB1A115}.Debug|Any CPU.Build.0 = Debug|Any CPU
		{C60117CA-7E30-424D-BB1C-52080DB1A115}.Release|Any CPU.ActiveCfg = Release|Any CPU
		{C60117CA-7E30-424D-BB1C-52080DB1A115}.Release|Any CPU.Build.0 = Release|Any CPU
		{007A0981-F192-4B86-B1F9-35D333A2A1A3}.Debug|Any CPU.ActiveCfg = Debug|Any CPU
		{007A0981-F192-4B86-B1F9-35D333A2A1A3}.Debug|Any CPU.Build.0 = Debug|Any CPU
		{007A0981-F192-4B86-B1F9-35D333A2A1A3}.Release|Any CPU.ActiveCfg = Release|Any CPU
		{007A0981-F192-4B86-B1F9-35D333A2A1A3}.Release|Any CPU.Build.0 = Release|Any CPU
		{349132D8-097E-45BC-AA87-B7CFFD0D3D68}.Debug|Any CPU.ActiveCfg = Debug|Any CPU
		{349132D8-097E-45BC-AA87-B7CFFD0D3D68}.Debug|Any CPU.Build.0 = Debug|Any CPU
		{349132D8-097E-45BC-AA87-B7CFFD0D3D68}.Release|Any CPU.ActiveCfg = Release|Any CPU
		{349132D8-097E-45BC-AA87-B7CFFD0D3D68}.Release|Any CPU.Build.0 = Release|Any CPU
		{FDCC45C8-948F-49E8-8CF8-0C3458BFE608}.Debug|Any CPU.ActiveCfg = Debug|Any CPU
		{FDCC45C8-948F-49E8-8CF8-0C3458BFE608}.Debug|Any CPU.Build.0 = Debug|Any CPU
		{FDCC45C8-948F-49E8-8CF8-0C3458BFE608}.Release|Any CPU.ActiveCfg = Release|Any CPU
		{FDCC45C8-948F-49E8-8CF8-0C3458BFE608}.Release|Any CPU.Build.0 = Release|Any CPU
		{CF49656F-C36C-4FCA-822B-97679077F6C5}.Debug|Any CPU.ActiveCfg = Debug|Any CPU
		{CF49656F-C36C-4FCA-822B-97679077F6C5}.Debug|Any CPU.Build.0 = Debug|Any CPU
		{CF49656F-C36C-4FCA-822B-97679077F6C5}.Release|Any CPU.ActiveCfg = Release|Any CPU
		{CF49656F-C36C-4FCA-822B-97679077F6C5}.Release|Any CPU.Build.0 = Release|Any CPU
		{D9E8EFC9-2A13-4F90-A48E-123BC3385A70}.Debug|Any CPU.ActiveCfg = Debug|Any CPU
		{D9E8EFC9-2A13-4F90-A48E-123BC3385A70}.Debug|Any CPU.Build.0 = Debug|Any CPU
		{D9E8EFC9-2A13-4F90-A48E-123BC3385A70}.Release|Any CPU.ActiveCfg = Release|Any CPU
		{D9E8EFC9-2A13-4F90-A48E-123BC3385A70}.Release|Any CPU.Build.0 = Release|Any CPU
		{5E6A8E05-F56D-4EC4-A075-12B918CE6D81}.Debug|Any CPU.ActiveCfg = Debug|Any CPU
		{5E6A8E05-F56D-4EC4-A075-12B918CE6D81}.Debug|Any CPU.Build.0 = Debug|Any CPU
		{5E6A8E05-F56D-4EC4-A075-12B918CE6D81}.Release|Any CPU.ActiveCfg = Release|Any CPU
		{5E6A8E05-F56D-4EC4-A075-12B918CE6D81}.Release|Any CPU.Build.0 = Release|Any CPU
	EndGlobalSection
	GlobalSection(SolutionProperties) = preSolution
		HideSolutionNode = FALSE
	EndGlobalSection
	GlobalSection(NestedProjects) = preSolution
		{DC916884-855E-4254-9B5E-886253A6C8EB} = {62E008E6-BFFB-4B29-A38C-33F7C72EABF1}
		{3EA319AF-4E8E-4842-8EE7-F64254CAAC4F} = {62E008E6-BFFB-4B29-A38C-33F7C72EABF1}
		{867C1608-11AF-4761-86F1-65601A501460} = {62E008E6-BFFB-4B29-A38C-33F7C72EABF1}
		{C60117CA-7E30-424D-BB1C-52080DB1A115} = {62E008E6-BFFB-4B29-A38C-33F7C72EABF1}
		{007A0981-F192-4B86-B1F9-35D333A2A1A3} = {62E008E6-BFFB-4B29-A38C-33F7C72EABF1}
		{349132D8-097E-45BC-AA87-B7CFFD0D3D68} = {62E008E6-BFFB-4B29-A38C-33F7C72EABF1}
		{FDCC45C8-948F-49E8-8CF8-0C3458BFE608} = {62E008E6-BFFB-4B29-A38C-33F7C72EABF1}
		{CF49656F-C36C-4FCA-822B-97679077F6C5} = {62E008E6-BFFB-4B29-A38C-33F7C72EABF1}
		{D9E8EFC9-2A13-4F90-A48E-123BC3385A70} = {62E008E6-BFFB-4B29-A38C-33F7C72EABF1}
		{5E6A8E05-F56D-4EC4-A075-12B918CE6D81} = {546548B4-F477-48F6-837C-C199294C1D7B}
	EndGlobalSection
	GlobalSection(ExtensibilityGlobals) = postSolution
		SolutionGuid = {9889732F-C28F-4FEB-A73E-859C02FA0C89}
	EndGlobalSection
EndGlobal
